
Microsoft Visual Studio Solution File, Format Version 12.00
# Visual Studio 2013
VisualStudioVersion = 12.0.40629.0
MinimumVisualStudioVersion = 10.0.40219.1
Project("{FAE04EC0-301F-11D3-BF4B-00C04F79EFBC}") = "OneScript.Mvc", "OneScript.Mvc\OneScript.Mvc.csproj", "{BE6F2167-5EDC-4A05-835B-AB2EA48966AA}"
EndProject
Project("{FAE04EC0-301F-11D3-BF4B-00C04F79EFBC}") = "Nustache.Mvc3", "Nustache\Nustache.Mvc3\Nustache.Mvc3.csproj", "{BB62330D-3604-40EB-9B76-39CE36F1AD6F}"
EndProject
Project("{FAE04EC0-301F-11D3-BF4B-00C04F79EFBC}") = "Nustache.Core", "Nustache\Nustache.Core\Nustache.Core.csproj", "{3A725CD9-6024-441F-84B5-4226D78352C5}"
EndProject
Project("{FAE04EC0-301F-11D3-BF4B-00C04F79EFBC}") = "OneScript.Mvc.Tests", "OneScript.Mvc.Tests\OneScript.Mvc.Tests.csproj", "{C2EBCDB1-2BEA-4CE3-856A-E7DEB5613331}"
EndProject
Global
	GlobalSection(SolutionConfigurationPlatforms) = preSolution
		Debug|Any CPU = Debug|Any CPU
		Release|Any CPU = Release|Any CPU
	EndGlobalSection
	GlobalSection(ProjectConfigurationPlatforms) = postSolution
		{BE6F2167-5EDC-4A05-835B-AB2EA48966AA}.Debug|Any CPU.ActiveCfg = Debug|Any CPU
		{BE6F2167-5EDC-4A05-835B-AB2EA48966AA}.Debug|Any CPU.Build.0 = Debug|Any CPU
		{BE6F2167-5EDC-4A05-835B-AB2EA48966AA}.Release|Any CPU.ActiveCfg = Release|Any CPU
		{BE6F2167-5EDC-4A05-835B-AB2EA48966AA}.Release|Any CPU.Build.0 = Release|Any CPU
		{BB62330D-3604-40EB-9B76-39CE36F1AD6F}.Debug|Any CPU.ActiveCfg = Debug|Any CPU
		{BB62330D-3604-40EB-9B76-39CE36F1AD6F}.Debug|Any CPU.Build.0 = Debug|Any CPU
		{BB62330D-3604-40EB-9B76-39CE36F1AD6F}.Release|Any CPU.ActiveCfg = Release|Any CPU
		{BB62330D-3604-40EB-9B76-39CE36F1AD6F}.Release|Any CPU.Build.0 = Release|Any CPU
		{3A725CD9-6024-441F-84B5-4226D78352C5}.Debug|Any CPU.ActiveCfg = Debug|Any CPU
		{3A725CD9-6024-441F-84B5-4226D78352C5}.Debug|Any CPU.Build.0 = Debug|Any CPU
		{3A725CD9-6024-441F-84B5-4226D78352C5}.Release|Any CPU.ActiveCfg = Release|Any CPU
		{3A725CD9-6024-441F-84B5-4226D78352C5}.Release|Any CPU.Build.0 = Release|Any CPU
		{C2EBCDB1-2BEA-4CE3-856A-E7DEB5613331}.Debug|Any CPU.ActiveCfg = Debug|Any CPU
		{C2EBCDB1-2BEA-4CE3-856A-E7DEB5613331}.Debug|Any CPU.Build.0 = Debug|Any CPU
		{C2EBCDB1-2BEA-4CE3-856A-E7DEB5613331}.Release|Any CPU.ActiveCfg = Release|Any CPU
		{C2EBCDB1-2BEA-4CE3-856A-E7DEB5613331}.Release|Any CPU.Build.0 = Release|Any CPU
	EndGlobalSection
	GlobalSection(SolutionProperties) = preSolution
		HideSolutionNode = FALSE
	EndGlobalSection
EndGlobal
