
Microsoft Visual Studio Solution File, Format Version 12.00
# Visual Studio Version 16
VisualStudioVersion = 16.0.28714.193
MinimumVisualStudioVersion = 10.0.40219.1
Project("{9A19103F-16F7-4668-BE54-9A1E7A4F7556}") = "OneScriptWeb", "OneScript\OneScriptWeb.csproj", "{082351A7-DB5F-41F3-8337-CBAA7C877EC6}"
EndProject
Project("{9A19103F-16F7-4668-BE54-9A1E7A4F7556}") = "OneScriptWeb.Tests", "OneScriptWeb.Tests\OneScriptWeb.Tests.csproj", "{894A3A1B-D6FC-4FA2-8712-953A1CA96875}"
EndProject
Project("{9A19103F-16F7-4668-BE54-9A1E7A4F7556}") = "ScriptEngine", "Include\OneScript\src\ScriptEngine\ScriptEngine.csproj", "{59C56111-1C71-475C-8BE9-1173C9E7B7E0}"
EndProject
Project("{9A19103F-16F7-4668-BE54-9A1E7A4F7556}") = "ScriptEngine.HostedScript", "Include\OneScript\src\ScriptEngine.HostedScript\ScriptEngine.HostedScript.csproj", "{E0753066-45FE-4A74-9E25-D1D0A6EE1162}"
EndProject
Project("{FAE04EC0-301F-11D3-BF4B-00C04F79EFBC}") = "OneScript.Language", "Include\OneScript\src\OneScript.Language\OneScript.Language.csproj", "{778596E5-05C4-4775-A88B-34B3B48B56BA}"
EndProject
Global
	GlobalSection(SolutionConfigurationPlatforms) = preSolution
		Debug|Any CPU = Debug|Any CPU
		Release|Any CPU = Release|Any CPU
		ReleaseNetStandard|Any CPU = ReleaseNetStandard|Any CPU
	EndGlobalSection
	GlobalSection(ProjectConfigurationPlatforms) = postSolution
		{082351A7-DB5F-41F3-8337-CBAA7C877EC6}.Debug|Any CPU.ActiveCfg = Debug|Any CPU
		{082351A7-DB5F-41F3-8337-CBAA7C877EC6}.Debug|Any CPU.Build.0 = Debug|Any CPU
		{082351A7-DB5F-41F3-8337-CBAA7C877EC6}.Release|Any CPU.ActiveCfg = Release|Any CPU
		{082351A7-DB5F-41F3-8337-CBAA7C877EC6}.Release|Any CPU.Build.0 = Release|Any CPU
		{082351A7-DB5F-41F3-8337-CBAA7C877EC6}.ReleaseNetStandard|Any CPU.ActiveCfg = Release|Any CPU
		{082351A7-DB5F-41F3-8337-CBAA7C877EC6}.ReleaseNetStandard|Any CPU.Build.0 = Release|Any CPU
		{894A3A1B-D6FC-4FA2-8712-953A1CA96875}.Debug|Any CPU.ActiveCfg = Debug|Any CPU
		{894A3A1B-D6FC-4FA2-8712-953A1CA96875}.Debug|Any CPU.Build.0 = Debug|Any CPU
		{894A3A1B-D6FC-4FA2-8712-953A1CA96875}.Release|Any CPU.ActiveCfg = Release|Any CPU
		{894A3A1B-D6FC-4FA2-8712-953A1CA96875}.Release|Any CPU.Build.0 = Release|Any CPU
		{894A3A1B-D6FC-4FA2-8712-953A1CA96875}.ReleaseNetStandard|Any CPU.ActiveCfg = Release|Any CPU
		{894A3A1B-D6FC-4FA2-8712-953A1CA96875}.ReleaseNetStandard|Any CPU.Build.0 = Release|Any CPU
		{59C56111-1C71-475C-8BE9-1173C9E7B7E0}.Debug|Any CPU.ActiveCfg = Debug|Any CPU
		{59C56111-1C71-475C-8BE9-1173C9E7B7E0}.Debug|Any CPU.Build.0 = Debug|Any CPU
		{59C56111-1C71-475C-8BE9-1173C9E7B7E0}.Release|Any CPU.ActiveCfg = Release|Any CPU
		{59C56111-1C71-475C-8BE9-1173C9E7B7E0}.Release|Any CPU.Build.0 = Release|Any CPU
		{59C56111-1C71-475C-8BE9-1173C9E7B7E0}.ReleaseNetStandard|Any CPU.ActiveCfg = ReleaseNetStandard|Any CPU
		{59C56111-1C71-475C-8BE9-1173C9E7B7E0}.ReleaseNetStandard|Any CPU.Build.0 = ReleaseNetStandard|Any CPU
		{E0753066-45FE-4A74-9E25-D1D0A6EE1162}.Debug|Any CPU.ActiveCfg = Debug|Any CPU
		{E0753066-45FE-4A74-9E25-D1D0A6EE1162}.Debug|Any CPU.Build.0 = Debug|Any CPU
		{E0753066-45FE-4A74-9E25-D1D0A6EE1162}.Release|Any CPU.ActiveCfg = Release|Any CPU
		{E0753066-45FE-4A74-9E25-D1D0A6EE1162}.Release|Any CPU.Build.0 = Release|Any CPU
		{E0753066-45FE-4A74-9E25-D1D0A6EE1162}.ReleaseNetStandard|Any CPU.ActiveCfg = ReleaseNetStandard|Any CPU
		{E0753066-45FE-4A74-9E25-D1D0A6EE1162}.ReleaseNetStandard|Any CPU.Build.0 = ReleaseNetStandard|Any CPU
		{778596E5-05C4-4775-A88B-34B3B48B56BA}.Debug|Any CPU.ActiveCfg = Debug|Any CPU
		{778596E5-05C4-4775-A88B-34B3B48B56BA}.Debug|Any CPU.Build.0 = Debug|Any CPU
		{778596E5-05C4-4775-A88B-34B3B48B56BA}.Release|Any CPU.ActiveCfg = Release|Any CPU
		{778596E5-05C4-4775-A88B-34B3B48B56BA}.Release|Any CPU.Build.0 = Release|Any CPU
		{778596E5-05C4-4775-A88B-34B3B48B56BA}.ReleaseNetStandard|Any CPU.ActiveCfg = Debug|Any CPU
		{778596E5-05C4-4775-A88B-34B3B48B56BA}.ReleaseNetStandard|Any CPU.Build.0 = Debug|Any CPU
	EndGlobalSection
	GlobalSection(SolutionProperties) = preSolution
		HideSolutionNode = FALSE
	EndGlobalSection
	GlobalSection(ExtensibilityGlobals) = postSolution
		SolutionGuid = {FDF48EA2-3EEB-4F8A-A3D9-947CBAFFB589}
	EndGlobalSection
EndGlobal
