
Microsoft Visual Studio Solution File, Format Version 12.00
# Visual Studio Version 16
VisualStudioVersion = 16.0.28714.193
MinimumVisualStudioVersion = 10.0.40219.1
Project("{9A19103F-16F7-4668-BE54-9A1E7A4F7556}") = "OneScriptWeb", "OneScript\OneScriptWeb.csproj", "{082351A7-DB5F-41F3-8337-CBAA7C877EC6}"
EndProject
Project("{9A19103F-16F7-4668-BE54-9A1E7A4F7556}") = "OneScriptWeb.Tests", "OneScriptWeb.Tests\OneScriptWeb.Tests.csproj", "{894A3A1B-D6FC-4FA2-8712-953A1CA96875}"
EndProject
Global
	GlobalSection(SolutionConfigurationPlatforms) = preSolution
		Debug|Any CPU = Debug|Any CPU
		Release|Any CPU = Release|Any CPU
	EndGlobalSection
	GlobalSection(ProjectConfigurationPlatforms) = postSolution
		{082351A7-DB5F-41F3-8337-CBAA7C877EC6}.Debug|Any CPU.ActiveCfg = Debug|Any CPU
		{082351A7-DB5F-41F3-8337-CBAA7C877EC6}.Debug|Any CPU.Build.0 = Debug|Any CPU
		{082351A7-DB5F-41F3-8337-CBAA7C877EC6}.Release|Any CPU.ActiveCfg = Release|Any CPU
		{082351A7-DB5F-41F3-8337-CBAA7C877EC6}.Release|Any CPU.Build.0 = Release|Any CPU
		{894A3A1B-D6FC-4FA2-8712-953A1CA96875}.Debug|Any CPU.ActiveCfg = Debug|Any CPU
		{894A3A1B-D6FC-4FA2-8712-953A1CA96875}.Debug|Any CPU.Build.0 = Debug|Any CPU
		{894A3A1B-D6FC-4FA2-8712-953A1CA96875}.Release|Any CPU.ActiveCfg = Release|Any CPU
		{894A3A1B-D6FC-4FA2-8712-953A1CA96875}.Release|Any CPU.Build.0 = Release|Any CPU
	EndGlobalSection
	GlobalSection(SolutionProperties) = preSolution
		HideSolutionNode = FALSE
	EndGlobalSection
	GlobalSection(ExtensibilityGlobals) = postSolution
		SolutionGuid = {FDF48EA2-3EEB-4F8A-A3D9-947CBAFFB589}
	EndGlobalSection
EndGlobal
